
Microsoft Visual Studio Solution File, Format Version 12.00
# Visual Studio Version 17
VisualStudioVersion = 17.13.35931.197
MinimumVisualStudioVersion = 10.0.40219.1
Project("{FAE04EC0-301F-11D3-BF4B-00C04F79EFBC}") = "HelloWorld", "HelloWorld\HelloWorld.csproj", "{DF11CBD1-78BB-4168-9A0E-85A6E0505793}"
EndProject
Project("{FAE04EC0-301F-11D3-BF4B-00C04F79EFBC}") = "FirstDegree", "FirstDegree\FirstDegree.csproj", "{F8C5A9BD-143B-4626-B233-AE41E5107D36}"
EndProject
Project("{FAE04EC0-301F-11D3-BF4B-00C04F79EFBC}") = "LearnForEach", "LearnForEach\LearnForEach.csproj", "{CEF259EB-CE64-47E5-A418-9275E71DC689}"
EndProject
Project("{FAE04EC0-301F-11D3-BF4B-00C04F79EFBC}") = "ReviewNestedLoop", "ReviewNewForLoop\ReviewNestedLoop.csproj", "{FE41A0A5-6CE6-4486-974B-21440C0C9BBB}"
EndProject
Project("{FAE04EC0-301F-11D3-BF4B-00C04F79EFBC}") = "OOP1", "OOP_1\OOP1.csproj", "{B668F096-A161-45AE-812A-B37DBBD20886}"
EndProject
Project("{FAE04EC0-301F-11D3-BF4B-00C04F79EFBC}") = "ReviewFor", "ReviewFor\ReviewFor.csproj", "{B499242D-5E43-4B0E-B617-C4B1D9D81685}"
EndProject
Project("{FAE04EC0-301F-11D3-BF4B-00C04F79EFBC}") = "SimpleMath", "SimpleMath\SimpleMath.csproj", "{0615AE81-FB95-43FE-96C5-0B8BF317FA0A}"
EndProject
Project("{FAE04EC0-301F-11D3-BF4B-00C04F79EFBC}") = "StringIteration", "StringIteration\StringIteration.csproj", "{153CC717-E9CE-4C8D-80C9-0AD715A6DE01}"
EndProject
Project("{FAE04EC0-301F-11D3-BF4B-00C04F79EFBC}") = "OOP2", "OOP2\OOP2.csproj", "{C2E21AB0-41C7-4065-B3F0-F58DF3962365}"
EndProject
Project("{FAE04EC0-301F-11D3-BF4B-00C04F79EFBC}") = "OOP3_Extenstion", "OOP3_Extenstion\OOP3_Extenstion.csproj", "{A0F68C7D-5651-4318-863C-052963A163F4}"
EndProject
Project("{FAE04EC0-301F-11D3-BF4B-00C04F79EFBC}") = "OOP2_Reuse_as_library", "OOP2_Reuse_as_library\OOP2_Reuse_as_library.csproj", "{C33C303A-05B0-4D80-B77D-96057ADA133B}"
EndProject
Project("{FAE04EC0-301F-11D3-BF4B-00C04F79EFBC}") = "Collection_Generic", "Collection_Generic\Collection_Generic.csproj", "{9EBFAD6B-FD03-463A-A0AC-8B607C1E0DDD}"
EndProject
Project("{FAE04EC0-301F-11D3-BF4B-00C04F79EFBC}") = "OOP4_Dictionary", "OOP4_Dictionary\OOP4_Dictionary.csproj", "{4B46C5B5-71F7-42C6-817D-0D938422A0D9}"
EndProject
Project("{2150E333-8FDC-42A3-9474-1A3956D46DE8}") = "Chapter5", "Chapter5", "{02EA681E-C7D8-13C7-8484-4AC65E1B71E8}"
EndProject
Project("{FAE04EC0-301F-11D3-BF4B-00C04F79EFBC}") = "SingletonPattern", "..\Chapter5\SingletonPattern\SingletonPattern.csproj", "{A601A213-A474-1EF8-DB5F-926DEDBCC81D}"
EndProject
Project("{FAE04EC0-301F-11D3-BF4B-00C04F79EFBC}") = "PrototypePattern", "..\Chapter5\PrototypePattern\PrototypePattern.csproj", "{FC857DC0-55BD-5299-DCBE-EB5E729BBEB8}"
EndProject
Project("{FAE04EC0-301F-11D3-BF4B-00C04F79EFBC}") = "ObserverPattern", "..\Chapter5\ObserverPattern\ObserverPattern.csproj", "{BBF13329-2228-D7AD-C217-7642251C27A2}"
EndProject
Project("{FAE04EC0-301F-11D3-BF4B-00C04F79EFBC}") = "FactoriesPattern", "..\Chapter5\FactoriesPattern\FactoriesPattern.csproj", "{C826CCB0-714D-2D56-1EA4-2A859F7116BF}"
EndProject
Project("{FAE04EC0-301F-11D3-BF4B-00C04F79EFBC}") = "BuilderPattern", "..\Chapter5\BuilderPattern\BuilderPattern.csproj", "{CFD8EC58-0087-6D34-8564-24B2C329F211}"
EndProject
Project("{FAE04EC0-301F-11D3-BF4B-00C04F79EFBC}") = "OOP5_Clone", "OOP5_Clone\OOP5_Clone.csproj", "{DCE9B44A-E7EB-4D60-81A3-FEB8C9442D19}"
EndProject
Project("{FAE04EC0-301F-11D3-BF4B-00C04F79EFBC}") = "QuadraticEquation", "QuadraticEquation\QuadraticEquation.csproj", "{750560B6-D5A7-501A-8D5D-C684FC1A2146}"
EndProject
Project("{FAE04EC0-301F-11D3-BF4B-00C04F79EFBC}") = "CallByReference", "CallByReference\CallByReference.csproj", "{FF4BA2AA-2640-2C01-77A9-096740F32635}"
EndProject
Project("{2150E333-8FDC-42A3-9474-1A3956D46DE8}") = "Chapter6", "Chapter6", "{98EC8AAE-2CF0-4EB9-ADE6-D7E895F2CF93}"
EndProject
Project("{FAE04EC0-301F-11D3-BF4B-00C04F79EFBC}") = "DemoDelegate1", "DemoDelegate1\DemoDelegate1.csproj", "{76EB06BC-0040-4240-B06B-3D4280896560}"
EndProject
Project("{FAE04EC0-301F-11D3-BF4B-00C04F79EFBC}") = "DemoLinQtoObject", "DemoLinQtoObject\DemoLinQtoObject.csproj", "{AFAB7869-F246-4C77-AB58-24D1F1A0DC4C}"
EndProject
Project("{FAE04EC0-301F-11D3-BF4B-00C04F79EFBC}") = "DemoLinQtoObject2", "DemoLinQtoObject2\DemoLinQtoObject2.csproj", "{31C05D61-2CC9-4908-B3B3-92A5C6243665}"
EndProject
Project("{FAE04EC0-301F-11D3-BF4B-00C04F79EFBC}") = "DemoMyStoreLinQtoSQL", "DemoMyStoreLinQtoSQL\DemoMyStoreLinQtoSQL.csproj", "{074149BC-B535-44F8-9310-A021C3690955}"
EndProject
Project("{FAE04EC0-301F-11D3-BF4B-00C04F79EFBC}") = "LucyDemoLINQ2SQL", "LucyDemoLINQ2SQL\LucyDemoLINQ2SQL.csproj", "{17EBC068-83A4-49B6-B517-5607B028A047}"
EndProject
Project("{2150E333-8FDC-42A3-9474-1A3956D46DE8}") = "Chapter7", "Chapter7", "{72D2221F-B757-473A-A25E-F8F2B3CA947F}"
EndProject
Project("{FAE04EC0-301F-11D3-BF4B-00C04F79EFBC}") = "HelloWpfApp", "HelloWpfApp\HelloWpfApp.csproj", "{F53A7C95-74BC-41C0-BDB8-B6306A16A7E2}"
EndProject
Project("{FAE04EC0-301F-11D3-BF4B-00C04F79EFBC}") = "ButtonControl_TongHop", "ButtonControl_TongHop\ButtonControl_TongHop.csproj", "{8C7F7765-E438-4F96-9A5F-BF1F95CDAEFA}"
EndProject
Project("{FAE04EC0-301F-11D3-BF4B-00C04F79EFBC}") = "CheckBoxControlEvent", "CheckBox\CheckBoxControlEvent.csproj", "{394E95E9-BE8B-4B59-866E-7AA126CAA8CA}"
EndProject
Global
	GlobalSection(SolutionConfigurationPlatforms) = preSolution
		Debug|Any CPU = Debug|Any CPU
		Release|Any CPU = Release|Any CPU
	EndGlobalSection
	GlobalSection(ProjectConfigurationPlatforms) = postSolution
		{DF11CBD1-78BB-4168-9A0E-85A6E0505793}.Debug|Any CPU.ActiveCfg = Debug|Any CPU
		{DF11CBD1-78BB-4168-9A0E-85A6E0505793}.Debug|Any CPU.Build.0 = Debug|Any CPU
		{DF11CBD1-78BB-4168-9A0E-85A6E0505793}.Release|Any CPU.ActiveCfg = Release|Any CPU
		{DF11CBD1-78BB-4168-9A0E-85A6E0505793}.Release|Any CPU.Build.0 = Release|Any CPU
		{F8C5A9BD-143B-4626-B233-AE41E5107D36}.Debug|Any CPU.ActiveCfg = Debug|Any CPU
		{F8C5A9BD-143B-4626-B233-AE41E5107D36}.Debug|Any CPU.Build.0 = Debug|Any CPU
		{F8C5A9BD-143B-4626-B233-AE41E5107D36}.Release|Any CPU.ActiveCfg = Release|Any CPU
		{F8C5A9BD-143B-4626-B233-AE41E5107D36}.Release|Any CPU.Build.0 = Release|Any CPU
		{CEF259EB-CE64-47E5-A418-9275E71DC689}.Debug|Any CPU.ActiveCfg = Debug|Any CPU
		{CEF259EB-CE64-47E5-A418-9275E71DC689}.Debug|Any CPU.Build.0 = Debug|Any CPU
		{CEF259EB-CE64-47E5-A418-9275E71DC689}.Release|Any CPU.ActiveCfg = Release|Any CPU
		{CEF259EB-CE64-47E5-A418-9275E71DC689}.Release|Any CPU.Build.0 = Release|Any CPU
		{FE41A0A5-6CE6-4486-974B-21440C0C9BBB}.Debug|Any CPU.ActiveCfg = Debug|Any CPU
		{FE41A0A5-6CE6-4486-974B-21440C0C9BBB}.Debug|Any CPU.Build.0 = Debug|Any CPU
		{FE41A0A5-6CE6-4486-974B-21440C0C9BBB}.Release|Any CPU.ActiveCfg = Release|Any CPU
		{FE41A0A5-6CE6-4486-974B-21440C0C9BBB}.Release|Any CPU.Build.0 = Release|Any CPU
		{B668F096-A161-45AE-812A-B37DBBD20886}.Debug|Any CPU.ActiveCfg = Debug|Any CPU
		{B668F096-A161-45AE-812A-B37DBBD20886}.Debug|Any CPU.Build.0 = Debug|Any CPU
		{B668F096-A161-45AE-812A-B37DBBD20886}.Release|Any CPU.ActiveCfg = Release|Any CPU
		{B668F096-A161-45AE-812A-B37DBBD20886}.Release|Any CPU.Build.0 = Release|Any CPU
		{B499242D-5E43-4B0E-B617-C4B1D9D81685}.Debug|Any CPU.ActiveCfg = Debug|Any CPU
		{B499242D-5E43-4B0E-B617-C4B1D9D81685}.Debug|Any CPU.Build.0 = Debug|Any CPU
		{B499242D-5E43-4B0E-B617-C4B1D9D81685}.Release|Any CPU.ActiveCfg = Release|Any CPU
		{B499242D-5E43-4B0E-B617-C4B1D9D81685}.Release|Any CPU.Build.0 = Release|Any CPU
		{0615AE81-FB95-43FE-96C5-0B8BF317FA0A}.Debug|Any CPU.ActiveCfg = Debug|Any CPU
		{0615AE81-FB95-43FE-96C5-0B8BF317FA0A}.Debug|Any CPU.Build.0 = Debug|Any CPU
		{0615AE81-FB95-43FE-96C5-0B8BF317FA0A}.Release|Any CPU.ActiveCfg = Release|Any CPU
		{0615AE81-FB95-43FE-96C5-0B8BF317FA0A}.Release|Any CPU.Build.0 = Release|Any CPU
		{153CC717-E9CE-4C8D-80C9-0AD715A6DE01}.Debug|Any CPU.ActiveCfg = Debug|Any CPU
		{153CC717-E9CE-4C8D-80C9-0AD715A6DE01}.Debug|Any CPU.Build.0 = Debug|Any CPU
		{153CC717-E9CE-4C8D-80C9-0AD715A6DE01}.Release|Any CPU.ActiveCfg = Release|Any CPU
		{153CC717-E9CE-4C8D-80C9-0AD715A6DE01}.Release|Any CPU.Build.0 = Release|Any CPU
		{C2E21AB0-41C7-4065-B3F0-F58DF3962365}.Debug|Any CPU.ActiveCfg = Debug|Any CPU
		{C2E21AB0-41C7-4065-B3F0-F58DF3962365}.Debug|Any CPU.Build.0 = Debug|Any CPU
		{C2E21AB0-41C7-4065-B3F0-F58DF3962365}.Release|Any CPU.ActiveCfg = Release|Any CPU
		{C2E21AB0-41C7-4065-B3F0-F58DF3962365}.Release|Any CPU.Build.0 = Release|Any CPU
		{A0F68C7D-5651-4318-863C-052963A163F4}.Debug|Any CPU.ActiveCfg = Debug|Any CPU
		{A0F68C7D-5651-4318-863C-052963A163F4}.Debug|Any CPU.Build.0 = Debug|Any CPU
		{A0F68C7D-5651-4318-863C-052963A163F4}.Release|Any CPU.ActiveCfg = Release|Any CPU
		{A0F68C7D-5651-4318-863C-052963A163F4}.Release|Any CPU.Build.0 = Release|Any CPU
		{C33C303A-05B0-4D80-B77D-96057ADA133B}.Debug|Any CPU.ActiveCfg = Debug|Any CPU
		{C33C303A-05B0-4D80-B77D-96057ADA133B}.Debug|Any CPU.Build.0 = Debug|Any CPU
		{C33C303A-05B0-4D80-B77D-96057ADA133B}.Release|Any CPU.ActiveCfg = Release|Any CPU
		{C33C303A-05B0-4D80-B77D-96057ADA133B}.Release|Any CPU.Build.0 = Release|Any CPU
		{9EBFAD6B-FD03-463A-A0AC-8B607C1E0DDD}.Debug|Any CPU.ActiveCfg = Debug|Any CPU
		{9EBFAD6B-FD03-463A-A0AC-8B607C1E0DDD}.Debug|Any CPU.Build.0 = Debug|Any CPU
		{9EBFAD6B-FD03-463A-A0AC-8B607C1E0DDD}.Release|Any CPU.ActiveCfg = Release|Any CPU
		{9EBFAD6B-FD03-463A-A0AC-8B607C1E0DDD}.Release|Any CPU.Build.0 = Release|Any CPU
		{4B46C5B5-71F7-42C6-817D-0D938422A0D9}.Debug|Any CPU.ActiveCfg = Debug|Any CPU
		{4B46C5B5-71F7-42C6-817D-0D938422A0D9}.Debug|Any CPU.Build.0 = Debug|Any CPU
		{4B46C5B5-71F7-42C6-817D-0D938422A0D9}.Release|Any CPU.ActiveCfg = Release|Any CPU
		{4B46C5B5-71F7-42C6-817D-0D938422A0D9}.Release|Any CPU.Build.0 = Release|Any CPU
		{A601A213-A474-1EF8-DB5F-926DEDBCC81D}.Debug|Any CPU.ActiveCfg = Debug|Any CPU
		{A601A213-A474-1EF8-DB5F-926DEDBCC81D}.Debug|Any CPU.Build.0 = Debug|Any CPU
		{A601A213-A474-1EF8-DB5F-926DEDBCC81D}.Release|Any CPU.ActiveCfg = Release|Any CPU
		{A601A213-A474-1EF8-DB5F-926DEDBCC81D}.Release|Any CPU.Build.0 = Release|Any CPU
		{FC857DC0-55BD-5299-DCBE-EB5E729BBEB8}.Debug|Any CPU.ActiveCfg = Debug|Any CPU
		{FC857DC0-55BD-5299-DCBE-EB5E729BBEB8}.Debug|Any CPU.Build.0 = Debug|Any CPU
		{FC857DC0-55BD-5299-DCBE-EB5E729BBEB8}.Release|Any CPU.ActiveCfg = Release|Any CPU
		{FC857DC0-55BD-5299-DCBE-EB5E729BBEB8}.Release|Any CPU.Build.0 = Release|Any CPU
		{BBF13329-2228-D7AD-C217-7642251C27A2}.Debug|Any CPU.ActiveCfg = Debug|Any CPU
		{BBF13329-2228-D7AD-C217-7642251C27A2}.Debug|Any CPU.Build.0 = Debug|Any CPU
		{BBF13329-2228-D7AD-C217-7642251C27A2}.Release|Any CPU.ActiveCfg = Release|Any CPU
		{BBF13329-2228-D7AD-C217-7642251C27A2}.Release|Any CPU.Build.0 = Release|Any CPU
		{C826CCB0-714D-2D56-1EA4-2A859F7116BF}.Debug|Any CPU.ActiveCfg = Debug|Any CPU
		{C826CCB0-714D-2D56-1EA4-2A859F7116BF}.Debug|Any CPU.Build.0 = Debug|Any CPU
		{C826CCB0-714D-2D56-1EA4-2A859F7116BF}.Release|Any CPU.ActiveCfg = Release|Any CPU
		{C826CCB0-714D-2D56-1EA4-2A859F7116BF}.Release|Any CPU.Build.0 = Release|Any CPU
		{CFD8EC58-0087-6D34-8564-24B2C329F211}.Debug|Any CPU.ActiveCfg = Debug|Any CPU
		{CFD8EC58-0087-6D34-8564-24B2C329F211}.Debug|Any CPU.Build.0 = Debug|Any CPU
		{CFD8EC58-0087-6D34-8564-24B2C329F211}.Release|Any CPU.ActiveCfg = Release|Any CPU
		{CFD8EC58-0087-6D34-8564-24B2C329F211}.Release|Any CPU.Build.0 = Release|Any CPU
		{DCE9B44A-E7EB-4D60-81A3-FEB8C9442D19}.Debug|Any CPU.ActiveCfg = Debug|Any CPU
		{DCE9B44A-E7EB-4D60-81A3-FEB8C9442D19}.Debug|Any CPU.Build.0 = Debug|Any CPU
		{DCE9B44A-E7EB-4D60-81A3-FEB8C9442D19}.Release|Any CPU.ActiveCfg = Release|Any CPU
		{DCE9B44A-E7EB-4D60-81A3-FEB8C9442D19}.Release|Any CPU.Build.0 = Release|Any CPU
		{750560B6-D5A7-501A-8D5D-C684FC1A2146}.Debug|Any CPU.ActiveCfg = Debug|Any CPU
		{750560B6-D5A7-501A-8D5D-C684FC1A2146}.Debug|Any CPU.Build.0 = Debug|Any CPU
		{750560B6-D5A7-501A-8D5D-C684FC1A2146}.Release|Any CPU.ActiveCfg = Release|Any CPU
		{750560B6-D5A7-501A-8D5D-C684FC1A2146}.Release|Any CPU.Build.0 = Release|Any CPU
		{FF4BA2AA-2640-2C01-77A9-096740F32635}.Debug|Any CPU.ActiveCfg = Debug|Any CPU
		{FF4BA2AA-2640-2C01-77A9-096740F32635}.Debug|Any CPU.Build.0 = Debug|Any CPU
		{FF4BA2AA-2640-2C01-77A9-096740F32635}.Release|Any CPU.ActiveCfg = Release|Any CPU
		{FF4BA2AA-2640-2C01-77A9-096740F32635}.Release|Any CPU.Build.0 = Release|Any CPU
		{76EB06BC-0040-4240-B06B-3D4280896560}.Debug|Any CPU.ActiveCfg = Debug|Any CPU
		{76EB06BC-0040-4240-B06B-3D4280896560}.Debug|Any CPU.Build.0 = Debug|Any CPU
		{76EB06BC-0040-4240-B06B-3D4280896560}.Release|Any CPU.ActiveCfg = Release|Any CPU
		{76EB06BC-0040-4240-B06B-3D4280896560}.Release|Any CPU.Build.0 = Release|Any CPU
		{AFAB7869-F246-4C77-AB58-24D1F1A0DC4C}.Debug|Any CPU.ActiveCfg = Debug|Any CPU
		{AFAB7869-F246-4C77-AB58-24D1F1A0DC4C}.Debug|Any CPU.Build.0 = Debug|Any CPU
		{AFAB7869-F246-4C77-AB58-24D1F1A0DC4C}.Release|Any CPU.ActiveCfg = Release|Any CPU
		{AFAB7869-F246-4C77-AB58-24D1F1A0DC4C}.Release|Any CPU.Build.0 = Release|Any CPU
		{31C05D61-2CC9-4908-B3B3-92A5C6243665}.Debug|Any CPU.ActiveCfg = Debug|Any CPU
		{31C05D61-2CC9-4908-B3B3-92A5C6243665}.Debug|Any CPU.Build.0 = Debug|Any CPU
		{31C05D61-2CC9-4908-B3B3-92A5C6243665}.Release|Any CPU.ActiveCfg = Release|Any CPU
		{31C05D61-2CC9-4908-B3B3-92A5C6243665}.Release|Any CPU.Build.0 = Release|Any CPU
		{074149BC-B535-44F8-9310-A021C3690955}.Debug|Any CPU.ActiveCfg = Debug|Any CPU
		{074149BC-B535-44F8-9310-A021C3690955}.Debug|Any CPU.Build.0 = Debug|Any CPU
		{074149BC-B535-44F8-9310-A021C3690955}.Release|Any CPU.ActiveCfg = Release|Any CPU
		{074149BC-B535-44F8-9310-A021C3690955}.Release|Any CPU.Build.0 = Release|Any CPU
		{17EBC068-83A4-49B6-B517-5607B028A047}.Debug|Any CPU.ActiveCfg = Debug|Any CPU
		{17EBC068-83A4-49B6-B517-5607B028A047}.Debug|Any CPU.Build.0 = Debug|Any CPU
		{17EBC068-83A4-49B6-B517-5607B028A047}.Release|Any CPU.ActiveCfg = Release|Any CPU
		{17EBC068-83A4-49B6-B517-5607B028A047}.Release|Any CPU.Build.0 = Release|Any CPU
		{F53A7C95-74BC-41C0-BDB8-B6306A16A7E2}.Debug|Any CPU.ActiveCfg = Debug|Any CPU
		{F53A7C95-74BC-41C0-BDB8-B6306A16A7E2}.Debug|Any CPU.Build.0 = Debug|Any CPU
		{F53A7C95-74BC-41C0-BDB8-B6306A16A7E2}.Release|Any CPU.ActiveCfg = Release|Any CPU
		{F53A7C95-74BC-41C0-BDB8-B6306A16A7E2}.Release|Any CPU.Build.0 = Release|Any CPU
		{8C7F7765-E438-4F96-9A5F-BF1F95CDAEFA}.Debug|Any CPU.ActiveCfg = Debug|Any CPU
		{8C7F7765-E438-4F96-9A5F-BF1F95CDAEFA}.Debug|Any CPU.Build.0 = Debug|Any CPU
		{8C7F7765-E438-4F96-9A5F-BF1F95CDAEFA}.Release|Any CPU.ActiveCfg = Release|Any CPU
		{8C7F7765-E438-4F96-9A5F-BF1F95CDAEFA}.Release|Any CPU.Build.0 = Release|Any CPU
		{394E95E9-BE8B-4B59-866E-7AA126CAA8CA}.Debug|Any CPU.ActiveCfg = Debug|Any CPU
		{394E95E9-BE8B-4B59-866E-7AA126CAA8CA}.Debug|Any CPU.Build.0 = Debug|Any CPU
		{394E95E9-BE8B-4B59-866E-7AA126CAA8CA}.Release|Any CPU.ActiveCfg = Release|Any CPU
		{394E95E9-BE8B-4B59-866E-7AA126CAA8CA}.Release|Any CPU.Build.0 = Release|Any CPU
	EndGlobalSection
	GlobalSection(SolutionProperties) = preSolution
		HideSolutionNode = FALSE
	EndGlobalSection
	GlobalSection(NestedProjects) = preSolution
		{A601A213-A474-1EF8-DB5F-926DEDBCC81D} = {02EA681E-C7D8-13C7-8484-4AC65E1B71E8}
		{FC857DC0-55BD-5299-DCBE-EB5E729BBEB8} = {02EA681E-C7D8-13C7-8484-4AC65E1B71E8}
		{BBF13329-2228-D7AD-C217-7642251C27A2} = {02EA681E-C7D8-13C7-8484-4AC65E1B71E8}
		{C826CCB0-714D-2D56-1EA4-2A859F7116BF} = {02EA681E-C7D8-13C7-8484-4AC65E1B71E8}
		{CFD8EC58-0087-6D34-8564-24B2C329F211} = {02EA681E-C7D8-13C7-8484-4AC65E1B71E8}
		{76EB06BC-0040-4240-B06B-3D4280896560} = {98EC8AAE-2CF0-4EB9-ADE6-D7E895F2CF93}
		{AFAB7869-F246-4C77-AB58-24D1F1A0DC4C} = {98EC8AAE-2CF0-4EB9-ADE6-D7E895F2CF93}
		{31C05D61-2CC9-4908-B3B3-92A5C6243665} = {98EC8AAE-2CF0-4EB9-ADE6-D7E895F2CF93}
		{074149BC-B535-44F8-9310-A021C3690955} = {98EC8AAE-2CF0-4EB9-ADE6-D7E895F2CF93}
		{17EBC068-83A4-49B6-B517-5607B028A047} = {98EC8AAE-2CF0-4EB9-ADE6-D7E895F2CF93}
		{F53A7C95-74BC-41C0-BDB8-B6306A16A7E2} = {72D2221F-B757-473A-A25E-F8F2B3CA947F}
		{8C7F7765-E438-4F96-9A5F-BF1F95CDAEFA} = {72D2221F-B757-473A-A25E-F8F2B3CA947F}
		{394E95E9-BE8B-4B59-866E-7AA126CAA8CA} = {72D2221F-B757-473A-A25E-F8F2B3CA947F}
	EndGlobalSection
	GlobalSection(ExtensibilityGlobals) = postSolution
		SolutionGuid = {9077AFE5-16F9-44F3-A4CE-F80E735E6792}
	EndGlobalSection
EndGlobal
